
Microsoft Visual Studio Solution File, Format Version 12.00
# Visual Studio Version 17
VisualStudioVersion = 17.12.35209.166
MinimumVisualStudioVersion = 10.0.40219.1
Project("{FAE04EC0-301F-11D3-BF4B-00C04F79EFBC}") = "TestConsole", "TestConsole\TestConsole.csproj", "{A03114E4-1BCB-41DC-8ACC-A5459DD6069A}"
EndProject
Global
	GlobalSection(SolutionConfigurationPlatforms) = preSolution
		Debug|Any CPU = Debug|Any CPU
		Release|Any CPU = Release|Any CPU
	EndGlobalSection
	GlobalSection(ProjectConfigurationPlatforms) = postSolution
		{A03114E4-1BCB-41DC-8ACC-A5459DD6069A}.Debug|Any CPU.ActiveCfg = Debug|Any CPU
		{A03114E4-1BCB-41DC-8ACC-A5459DD6069A}.Debug|Any CPU.Build.0 = Debug|Any CPU
		{A03114E4-1BCB-41DC-8ACC-A5459DD6069A}.Release|Any CPU.ActiveCfg = Release|Any CPU
		{A03114E4-1BCB-41DC-8ACC-A5459DD6069A}.Release|Any CPU.Build.0 = Release|Any CPU
	EndGlobalSection
	GlobalSection(SolutionProperties) = preSolution
		HideSolutionNode = FALSE
	EndGlobalSection
	GlobalSection(ExtensibilityGlobals) = postSolution
		SolutionGuid = {917C2579-9B57-4777-A1DD-3FDDDCAD26E9}
	EndGlobalSection
EndGlobal
